{
  "name": "tokens-equal-text",
  "version": "1.0.0",
  "lockfileVersion": 1,
  "requires": true,
  "dependencies": {
    "openzeppelin-solidity": {
      "version": "git+https://github.com/OpenZeppelin/openzeppelin-solidity.git#4b8fcbcee16437d8a29bc0e5bb328b2a1547f996",
      "from": "git+https://github.com/OpenZeppelin/openzeppelin-solidity.git#release-v2.1.0-solc-0.5"
    }
  }
}
